// !$*UTF8*$!
{
	archiveVersion = 1;
	classes = {
	};
	objectVersion = 50;
	objects = {

/* Begin PBXBuildFile section */
		382BF2BB25961DDD00DCC932 /* CoffeeAppApp.swift in Sources */ = {isa = PBXBuildFile; fileRef = 382BF2BA25961DDD00DCC932 /* CoffeeAppApp.swift */; };
		382BF2BD25961DDD00DCC932 /* Home.swift in Sources */ = {isa = PBXBuildFile; fileRef = 382BF2BC25961DDD00DCC932 /* Home.swift */; };
		382BF2BF25961DDF00DCC932 /* Assets.xcassets in Resources */ = {isa = PBXBuildFile; fileRef = 382BF2BE25961DDF00DCC932 /* Assets.xcassets */; };
		382BF2C225961DDF00DCC932 /* Preview Assets.xcassets in Resources */ = {isa = PBXBuildFile; fileRef = 382BF2C125961DDF00DCC932 /* Preview Assets.xcassets */; };
		382BF2CB2596204300DCC932 /* drinks.json in Resources */ = {isa = PBXBuildFile; fileRef = 382BF2CA2596204300DCC932 /* drinks.json */; };
		382BF2CE259620DD00DCC932 /* Data.swift in Sources */ = {isa = PBXBuildFile; fileRef = 382BF2CD259620DD00DCC932 /* Data.swift */; };
		382BF2D12596215400DCC932 /* Drink.swift in Sources */ = {isa = PBXBuildFile; fileRef = 382BF2D02596215400DCC932 /* Drink.swift */; };
		382BF2D62596222A00DCC932 /* DrinkItem.swift in Sources */ = {isa = PBXBuildFile; fileRef = 382BF2D52596222A00DCC932 /* DrinkItem.swift */; };
		382BF2DB259624CE00DCC932 /* DrinkRow.swift in Sources */ = {isa = PBXBuildFile; fileRef = 382BF2DA259624CE00DCC932 /* DrinkRow.swift */; };
		382BF2E525962C0100DCC932 /* DrinkDetail.swift in Sources */ = {isa = PBXBuildFile; fileRef = 382BF2E425962C0100DCC932 /* DrinkDetail.swift */; };
/* End PBXBuildFile section */

/* Begin PBXFileReference section */
		382BF2B725961DDD00DCC932 /* CoffeeApp.app */ = {isa = PBXFileReference; explicitFileType = wrapper.application; includeInIndex = 0; path = CoffeeApp.app; sourceTree = BUILT_PRODUCTS_DIR; };
		382BF2BA25961DDD00DCC932 /* CoffeeAppApp.swift */ = {isa = PBXFileReference; lastKnownFileType = sourcecode.swift; path = CoffeeAppApp.swift; sourceTree = "<group>"; };
		382BF2BC25961DDD00DCC932 /* Home.swift */ = {isa = PBXFileReference; lastKnownFileType = sourcecode.swift; path = Home.swift; sourceTree = "<group>"; };
		382BF2BE25961DDF00DCC932 /* Assets.xcassets */ = {isa = PBXFileReference; lastKnownFileType = folder.assetcatalog; path = Assets.xcassets; sourceTree = "<group>"; };
		382BF2C125961DDF00DCC932 /* Preview Assets.xcassets */ = {isa = PBXFileReference; lastKnownFileType = folder.assetcatalog; path = "Preview Assets.xcassets"; sourceTree = "<group>"; };
		382BF2C325961DDF00DCC932 /* Info.plist */ = {isa = PBXFileReference; lastKnownFileType = text.plist.xml; path = Info.plist; sourceTree = "<group>"; };
		382BF2CA2596204300DCC932 /* drinks.json */ = {isa = PBXFileReference; lastKnownFileType = text.json; path = drinks.json; sourceTree = "<group>"; };
		382BF2CD259620DD00DCC932 /* Data.swift */ = {isa = PBXFileReference; lastKnownFileType = sourcecode.swift; path = Data.swift; sourceTree = "<group>"; };
		382BF2D02596215400DCC932 /* Drink.swift */ = {isa = PBXFileReference; lastKnownFileType = sourcecode.swift; path = Drink.swift; sourceTree = "<group>"; };
		382BF2D52596222A00DCC932 /* DrinkItem.swift */ = {isa = PBXFileReference; lastKnownFileType = sourcecode.swift; path = DrinkItem.swift; sourceTree = "<group>"; };
		382BF2DA259624CE00DCC932 /* DrinkRow.swift */ = {isa = PBXFileReference; lastKnownFileType = sourcecode.swift; path = DrinkRow.swift; sourceTree = "<group>"; };
		382BF2E425962C0100DCC932 /* DrinkDetail.swift */ = {isa = PBXFileReference; lastKnownFileType = sourcecode.swift; path = DrinkDetail.swift; sourceTree = "<group>"; };
/* End PBXFileReference section */

/* Begin PBXFrameworksBuildPhase section */
		382BF2B425961DDD00DCC932 /* Frameworks */ = {
			isa = PBXFrameworksBuildPhase;
			buildActionMask = 2147483647;
			files = (
			);
			runOnlyForDeploymentPostprocessing = 0;
		};
/* End PBXFrameworksBuildPhase section */

/* Begin PBXGroup section */
		382BF2AE25961DDC00DCC932 = {
			isa = PBXGroup;
			children = (
				382BF2B925961DDD00DCC932 /* CoffeeApp */,
				382BF2B825961DDD00DCC932 /* Products */,
			);
			sourceTree = "<group>";
		};
		382BF2B825961DDD00DCC932 /* Products */ = {
			isa = PBXGroup;
			children = (
				382BF2B725961DDD00DCC932 /* CoffeeApp.app */,
			);
			name = Products;
			sourceTree = "<group>";
		};
		382BF2B925961DDD00DCC932 /* CoffeeApp */ = {
			isa = PBXGroup;
			children = (
				382BF2BA25961DDD00DCC932 /* CoffeeAppApp.swift */,
				382BF2E72596354C00DCC932 /* View */,
				382BF2D4259621AE00DCC932 /* Model */,
				382BF2BE25961DDF00DCC932 /* Assets.xcassets */,
				382BF2C325961DDF00DCC932 /* Info.plist */,
				382BF2C025961DDF00DCC932 /* Preview Content */,
			);
			path = CoffeeApp;
			sourceTree = "<group>";
		};
		382BF2C025961DDF00DCC932 /* Preview Content */ = {
			isa = PBXGroup;
			children = (
				382BF2C125961DDF00DCC932 /* Preview Assets.xcassets */,
			);
			path = "Preview Content";
			sourceTree = "<group>";
		};
		382BF2D4259621AE00DCC932 /* Model */ = {
			isa = PBXGroup;
			children = (
				382BF2CA2596204300DCC932 /* drinks.json */,
				382BF2CD259620DD00DCC932 /* Data.swift */,
				382BF2D02596215400DCC932 /* Drink.swift */,
			);
			path = Model;
			sourceTree = "<group>";
		};
		382BF2E72596354C00DCC932 /* View */ = {
			isa = PBXGroup;
			children = (
				382BF2BC25961DDD00DCC932 /* Home.swift */,
				382BF2E425962C0100DCC932 /* DrinkDetail.swift */,
				382BF2D52596222A00DCC932 /* DrinkItem.swift */,
				382BF2DA259624CE00DCC932 /* DrinkRow.swift */,
			);
			path = View;
			sourceTree = "<group>";
		};
/* End PBXGroup section */

/* Begin PBXNativeTarget section */
		382BF2B625961DDD00DCC932 /* CoffeeApp */ = {
			isa = PBXNativeTarget;
			buildConfigurationList = 382BF2C625961DDF00DCC932 /* Build configuration list for PBXNativeTarget "CoffeeApp" */;
			buildPhases = (
				382BF2B325961DDD00DCC932 /* Sources */,
				382BF2B425961DDD00DCC932 /* Frameworks */,
				382BF2B525961DDD00DCC932 /* Resources */,
			);
			buildRules = (
			);
			dependencies = (
			);
			name = CoffeeApp;
			productName = CoffeeApp;
			productReference = 382BF2B725961DDD00DCC932 /* CoffeeApp.app */;
			productType = "com.apple.product-type.application";
		};
/* End PBXNativeTarget section */

/* Begin PBXProject section */
		382BF2AF25961DDC00DCC932 /* Project object */ = {
			isa = PBXProject;
			attributes = {
				LastSwiftUpdateCheck = 1200;
				LastUpgradeCheck = 1200;
				TargetAttributes = {
					382BF2B625961DDD00DCC932 = {
						CreatedOnToolsVersion = 12.0.1;
					};
				};
			};
			buildConfigurationList = 382BF2B225961DDD00DCC932 /* Build configuration list for PBXProject "CoffeeApp" */;
			compatibilityVersion = "Xcode 9.3";
			developmentRegion = en;
			hasScannedForEncodings = 0;
			knownRegions = (
				en,
				Base,
			);
			mainGroup = 382BF2AE25961DDC00DCC932;
			productRefGroup = 382BF2B825961DDD00DCC932 /* Products */;
			projectDirPath = "";
			projectRoot = "";
			targets = (
				382BF2B625961DDD00DCC932 /* CoffeeApp */,
			);
		};
/* End PBXProject section */

/* Begin PBXResourcesBuildPhase section */
		382BF2B525961DDD00DCC932 /* Resources */ = {
			isa = PBXResourcesBuildPhase;
			buildActionMask = 2147483647;
			files = (
				382BF2C225961DDF00DCC932 /* Preview Assets.xcassets in Resources */,
				382BF2BF25961DDF00DCC932 /* Assets.xcassets in Resources */,
				382BF2CB2596204300DCC932 /* drinks.json in Resources */,
			);
			runOnlyForDeploymentPostprocessing = 0;
		};
/* End PBXResourcesBuildPhase section */

/* Begin PBXSourcesBuildPhase section */
		382BF2B325961DDD00DCC932 /* Sources */ = {
			isa = PBXSourcesBuildPhase;
			buildActionMask = 2147483647;
			files = (
				382BF2BD25961DDD00DCC932 /* Home.swift in Sources */,
				382BF2DB259624CE00DCC932 /* DrinkRow.swift in Sources */,
				382BF2D62596222A00DCC932 /* DrinkItem.swift in Sources */,
				382BF2CE259620DD00DCC932 /* Data.swift in Sources */,
				382BF2E525962C0100DCC932 /* DrinkDetail.swift in Sources */,
				382BF2D12596215400DCC932 /* Drink.swift in Sources */,
				382BF2BB25961DDD00DCC932 /* CoffeeAppApp.swift in Sources */,
			);
			runOnlyForDeploymentPostprocessing = 0;
		};
/* End PBXSourcesBuildPhase section */

/* Begin XCBuildConfiguration section */
		382BF2C425961DDF00DCC932 /* Debug */ = {
			isa = XCBuildConfiguration;
			buildSettings = {
				ALWAYS_SEARCH_USER_PATHS = NO;
				CLANG_ANALYZER_NONNULL = YES;
				CLANG_ANALYZER_NUMBER_OBJECT_CONVERSION = YES_AGGRESSIVE;
				CLANG_CXX_LANGUAGE_STANDARD = "gnu++14";
				CLANG_CXX_LIBRARY = "libc++";
				CLANG_ENABLE_MODULES = YES;
				CLANG_ENABLE_OBJC_ARC = YES;
				CLANG_ENABLE_OBJC_WEAK = YES;
				CLANG_WARN_BLOCK_CAPTURE_AUTORELEASING = YES;
				CLANG_WARN_BOOL_CONVERSION = YES;
				CLANG_WARN_COMMA = YES;
				CLANG_WARN_CONSTANT_CONVERSION = YES;
				CLANG_WARN_DEPRECATED_OBJC_IMPLEMENTATIONS = YES;
				CLANG_WARN_DIRECT_OBJC_ISA_USAGE = YES_ERROR;
				CLANG_WARN_DOCUMENTATION_COMMENTS = YES;
				CLANG_WARN_EMPTY_BODY = YES;
				CLANG_WARN_ENUM_CONVERSION = YES;
				CLANG_WARN_INFINITE_RECURSION = YES;
				CLANG_WARN_INT_CONVERSION = YES;
				CLANG_WARN_NON_LITERAL_NULL_CONVERSION = YES;
				CLANG_WARN_OBJC_IMPLICIT_RETAIN_SELF = YES;
				CLANG_WARN_OBJC_LITERAL_CONVERSION = YES;
				CLANG_WARN_OBJC_ROOT_CLASS = YES_ERROR;
				CLANG_WARN_QUOTED_INCLUDE_IN_FRAMEWORK_HEADER = YES;
				CLANG_WARN_RANGE_LOOP_ANALYSIS = YES;
				CLANG_WARN_STRICT_PROTOTYPES = YES;
				CLANG_WARN_SUSPICIOUS_MOVE = YES;
				CLANG_WARN_UNGUARDED_AVAILABILITY = YES_AGGRESSIVE;
				CLANG_WARN_UNREACHABLE_CODE = YES;
				CLANG_WARN__DUPLICATE_METHOD_MATCH = YES;
				COPY_PHASE_STRIP = NO;
				DEBUG_INFORMATION_FORMAT = dwarf;
				ENABLE_STRICT_OBJC_MSGSEND = YES;
				ENABLE_TESTABILITY = YES;
				GCC_C_LANGUAGE_STANDARD = gnu11;
				GCC_DYNAMIC_NO_PIC = NO;
				GCC_NO_COMMON_BLOCKS = YES;
				GCC_OPTIMIZATION_LEVEL = 0;
				GCC_PREPROCESSOR_DEFINITIONS = (
					"DEBUG=1",
					"$(inherited)",
				);
				GCC_WARN_64_TO_32_BIT_CONVERSION = YES;
				GCC_WARN_ABOUT_RETURN_TYPE = YES_ERROR;
				GCC_WARN_UNDECLARED_SELECTOR = YES;
				GCC_WARN_UNINITIALIZED_AUTOS = YES_AGGRESSIVE;
				GCC_WARN_UNUSED_FUNCTION = YES;
				GCC_WARN_UNUSED_VARIABLE = YES;
				IPHONEOS_DEPLOYMENT_TARGET = 14.0;
				MTL_ENABLE_DEBUG_INFO = INCLUDE_SOURCE;
				MTL_FAST_MATH = YES;
				ONLY_ACTIVE_ARCH = YES;
				SDKROOT = iphoneos;
				SWIFT_ACTIVE_COMPILATION_CONDITIONS = DEBUG;
				SWIFT_OPTIMIZATION_LEVEL = "-Onone";
			};
			name = Debug;
		};
		382BF2C525961DDF00DCC932 /* Release */ = {
			isa = XCBuildConfiguration;
			buildSettings = {
				ALWAYS_SEARCH_USER_PATHS = NO;
				CLANG_ANALYZER_NONNULL = YES;
				CLANG_ANALYZER_NUMBER_OBJECT_CONVERSION = YES_AGGRESSIVE;
				CLANG_CXX_LANGUAGE_STANDARD = "gnu++14";
				CLANG_CXX_LIBRARY = "libc++";
				CLANG_ENABLE_MODULES = YES;
				CLANG_ENABLE_OBJC_ARC = YES;
				CLANG_ENABLE_OBJC_WEAK = YES;
				CLANG_WARN_BLOCK_CAPTURE_AUTORELEASING = YES;
				CLANG_WARN_BOOL_CONVERSION = YES;
				CLANG_WARN_COMMA = YES;
				CLANG_WARN_CONSTANT_CONVERSION = YES;
				CLANG_WARN_DEPRECATED_OBJC_IMPLEMENTATIONS = YES;
				CLANG_WARN_DIRECT_OBJC_ISA_USAGE = YES_ERROR;
				CLANG_WARN_DOCUMENTATION_COMMENTS = YES;
				CLANG_WARN_EMPTY_BODY = YES;
				CLANG_WARN_ENUM_CONVERSION = YES;
				CLANG_WARN_INFINITE_RECURSION = YES;
				CLANG_WARN_INT_CONVERSION = YES;
				CLANG_WARN_NON_LITERAL_NULL_CONVERSION = YES;
				CLANG_WARN_OBJC_IMPLICIT_RETAIN_SELF = YES;
				CLANG_WARN_OBJC_LITERAL_CONVERSION = YES;
				CLANG_WARN_OBJC_ROOT_CLASS = YES_ERROR;
				CLANG_WARN_QUOTED_INCLUDE_IN_FRAMEWORK_HEADER = YES;
				CLANG_WARN_RANGE_LOOP_ANALYSIS = YES;
				CLANG_WARN_STRICT_PROTOTYPES = YES;
				CLANG_WARN_SUSPICIOUS_MOVE = YES;
				CLANG_WARN_UNGUARDED_AVAILABILITY = YES_AGGRESSIVE;
				CLANG_WARN_UNREACHABLE_CODE = YES;
				CLANG_WARN__DUPLICATE_METHOD_MATCH = YES;
				COPY_PHASE_STRIP = NO;
				DEBUG_INFORMATION_FORMAT = "dwarf-with-dsym";
				ENABLE_NS_ASSERTIONS = NO;
				ENABLE_STRICT_OBJC_MSGSEND = YES;
				GCC_C_LANGUAGE_STANDARD = gnu11;
				GCC_NO_COMMON_BLOCKS = YES;
				GCC_WARN_64_TO_32_BIT_CONVERSION = YES;
				GCC_WARN_ABOUT_RETURN_TYPE = YES_ERROR;
				GCC_WARN_UNDECLARED_SELECTOR = YES;
				GCC_WARN_UNINITIALIZED_AUTOS = YES_AGGRESSIVE;
				GCC_WARN_UNUSED_FUNCTION = YES;
				GCC_WARN_UNUSED_VARIABLE = YES;
				IPHONEOS_DEPLOYMENT_TARGET = 14.0;
				MTL_ENABLE_DEBUG_INFO = NO;
				MTL_FAST_MATH = YES;
				SDKROOT = iphoneos;
				SWIFT_COMPILATION_MODE = wholemodule;
				SWIFT_OPTIMIZATION_LEVEL = "-O";
				VALIDATE_PRODUCT = YES;
			};
			name = Release;
		};
		382BF2C725961DDF00DCC932 /* Debug */ = {
			isa = XCBuildConfiguration;
			buildSettings = {
				ASSETCATALOG_COMPILER_APPICON_NAME = AppIcon;
				ASSETCATALOG_COMPILER_GLOBAL_ACCENT_COLOR_NAME = AccentColor;
				CODE_SIGN_STYLE = Automatic;
				DEVELOPMENT_ASSET_PATHS = "\"CoffeeApp/Preview Content\"";
				ENABLE_PREVIEWS = YES;
				INFOPLIST_FILE = CoffeeApp/Info.plist;
				IPHONEOS_DEPLOYMENT_TARGET = 14.0;
				LD_RUNPATH_SEARCH_PATHS = (
					"$(inherited)",
					"@executable_path/Frameworks",
				);
				PRODUCT_BUNDLE_IDENTIFIER = com.codewithAlish.CoffeeApp;
				PRODUCT_NAME = "$(TARGET_NAME)";
				SWIFT_VERSION = 5.0;
				TARGETED_DEVICE_FAMILY = "1,2";
			};
			name = Debug;
		};
		382BF2C825961DDF00DCC932 /* Release */ = {
			isa = XCBuildConfiguration;
			buildSettings = {
				ASSETCATALOG_COMPILER_APPICON_NAME = AppIcon;
				ASSETCATALOG_COMPILER_GLOBAL_ACCENT_COLOR_NAME = AccentColor;
				CODE_SIGN_STYLE = Automatic;
				DEVELOPMENT_ASSET_PATHS = "\"CoffeeApp/Preview Content\"";
				ENABLE_PREVIEWS = YES;
				INFOPLIST_FILE = CoffeeApp/Info.plist;
				IPHONEOS_DEPLOYMENT_TARGET = 14.0;
				LD_RUNPATH_SEARCH_PATHS = (
					"$(inherited)",
					"@executable_path/Frameworks",
				);
				PRODUCT_BUNDLE_IDENTIFIER = com.codewithAlish.CoffeeApp;
				PRODUCT_NAME = "$(TARGET_NAME)";
				SWIFT_VERSION = 5.0;
				TARGETED_DEVICE_FAMILY = "1,2";
			};
			name = Release;
		};
/* End XCBuildConfiguration section */

/* Begin XCConfigurationList section */
		382BF2B225961DDD00DCC932 /* Build configuration list for PBXProject "CoffeeApp" */ = {
			isa = XCConfigurationList;
			buildConfigurations = (
				382BF2C425961DDF00DCC932 /* Debug */,
				382BF2C525961DDF00DCC932 /* Release */,
			);
			defaultConfigurationIsVisible = 0;
			defaultConfigurationName = Release;
		};
		382BF2C625961DDF00DCC932 /* Build configuration list for PBXNativeTarget "CoffeeApp" */ = {
			isa = XCConfigurationList;
			buildConfigurations = (
				382BF2C725961DDF00DCC932 /* Debug */,
				382BF2C825961DDF00DCC932 /* Release */,
			);
			defaultConfigurationIsVisible = 0;
			defaultConfigurationName = Release;
		};
/* End XCConfigurationList section */
	};
	rootObject = 382BF2AF25961DDC00DCC932 /* Project object */;
}
